// !$*UTF8*$!
{
	archiveVersion = 1;
	classes = {
	};
	objectVersion = 46;
	objects = {

/* Begin PBXBuildFile section */
		845BC3241F00A505001EF67B /* main.c in Sources */ = {isa = PBXBuildFile; fileRef = 845BC3231F00A505001EF67B /* main.c */; };
		845BC32C1F00A5C3001EF67B /* StackAndQueue.c in Sources */ = {isa = PBXBuildFile; fileRef = 845BC32A1F00A5C3001EF67B /* StackAndQueue.c */; };
		845BC32F1F00D5EE001EF67B /* SqList.c in Sources */ = {isa = PBXBuildFile; fileRef = 845BC32D1F00D5EE001EF67B /* SqList.c */; };
		849FD94D1F0601A500C02096 /* Queue.c in Sources */ = {isa = PBXBuildFile; fileRef = 849FD94B1F0601A500C02096 /* Queue.c */; };
/* End PBXBuildFile section */

/* Begin PBXCopyFilesBuildPhase section */
		845BC31E1F00A505001EF67B /* CopyFiles */ = {
			isa = PBXCopyFilesBuildPhase;
			buildActionMask = 2147483647;
			dstPath = /usr/share/man/man1/;
			dstSubfolderSpec = 0;
			files = (
			);
			runOnlyForDeploymentPostprocessing = 1;
		};
/* End PBXCopyFilesBuildPhase section */

/* Begin PBXFileReference section */
		845BC3201F00A505001EF67B /* 栈和队列 */ = {isa = PBXFileReference; explicitFileType = "compiled.mach-o.executable"; includeInIndex = 0; path = "栈和队列"; sourceTree = BUILT_PRODUCTS_DIR; };
		845BC3231F00A505001EF67B /* main.c */ = {isa = PBXFileReference; lastKnownFileType = sourcecode.c.c; path = main.c; sourceTree = "<group>"; };
		845BC32A1F00A5C3001EF67B /* StackAndQueue.c */ = {isa = PBXFileReference; fileEncoding = 4; lastKnownFileType = sourcecode.c.c; path = StackAndQueue.c; sourceTree = "<group>"; };
		845BC32B1F00A5C3001EF67B /* StackAndQueue.h */ = {isa = PBXFileReference; fileEncoding = 4; lastKnownFileType = sourcecode.c.h; path = StackAndQueue.h; sourceTree = "<group>"; };
		845BC32D1F00D5EE001EF67B /* SqList.c */ = {isa = PBXFileReference; fileEncoding = 4; lastKnownFileType = sourcecode.c.c; path = SqList.c; sourceTree = "<group>"; };
		845BC32E1F00D5EE001EF67B /* SqList.h */ = {isa = PBXFileReference; fileEncoding = 4; lastKnownFileType = sourcecode.c.h; path = SqList.h; sourceTree = "<group>"; };
		849FD94B1F0601A500C02096 /* Queue.c */ = {isa = PBXFileReference; fileEncoding = 4; lastKnownFileType = sourcecode.c.c; path = Queue.c; sourceTree = "<group>"; };
		849FD94C1F0601A500C02096 /* Queue.h */ = {isa = PBXFileReference; fileEncoding = 4; lastKnownFileType = sourcecode.c.h; path = Queue.h; sourceTree = "<group>"; };
/* End PBXFileReference section */

/* Begin PBXFrameworksBuildPhase section */
		845BC31D1F00A505001EF67B /* Frameworks */ = {
			isa = PBXFrameworksBuildPhase;
			buildActionMask = 2147483647;
			files = (
			);
			runOnlyForDeploymentPostprocessing = 0;
		};
/* End PBXFrameworksBuildPhase section */

/* Begin PBXGroup section */
		845BC3171F00A505001EF67B = {
			isa = PBXGroup;
			children = (
				845BC3221F00A505001EF67B /* 栈和队列 */,
				845BC3211F00A505001EF67B /* Products */,
			);
			sourceTree = "<group>";
		};
		845BC3211F00A505001EF67B /* Products */ = {
			isa = PBXGroup;
			children = (
				845BC3201F00A505001EF67B /* 栈和队列 */,
			);
			name = Products;
			sourceTree = "<group>";
		};
		845BC3221F00A505001EF67B /* 栈和队列 */ = {
			isa = PBXGroup;
			children = (
				845BC3231F00A505001EF67B /* main.c */,
				845BC32A1F00A5C3001EF67B /* StackAndQueue.c */,
				845BC32B1F00A5C3001EF67B /* StackAndQueue.h */,
				849FD94B1F0601A500C02096 /* Queue.c */,
				849FD94C1F0601A500C02096 /* Queue.h */,
				845BC32D1F00D5EE001EF67B /* SqList.c */,
				845BC32E1F00D5EE001EF67B /* SqList.h */,
			);
			path = "栈和队列";
			sourceTree = "<group>";
		};
/* End PBXGroup section */

/* Begin PBXNativeTarget section */
		845BC31F1F00A505001EF67B /* 栈和队列 */ = {
			isa = PBXNativeTarget;
			buildConfigurationList = 845BC3271F00A505001EF67B /* Build configuration list for PBXNativeTarget "栈和队列" */;
			buildPhases = (
				845BC31C1F00A505001EF67B /* Sources */,
				845BC31D1F00A505001EF67B /* Frameworks */,
				845BC31E1F00A505001EF67B /* CopyFiles */,
			);
			buildRules = (
			);
			dependencies = (
			);
			name = "栈和队列";
			productName = "栈和队列";
			productReference = 845BC3201F00A505001EF67B /* 栈和队列 */;
			productType = "com.apple.product-type.tool";
		};
/* End PBXNativeTarget section */

/* Begin PBXProject section */
		845BC3181F00A505001EF67B /* Project object */ = {
			isa = PBXProject;
			attributes = {
				LastUpgradeCheck = 0800;
				ORGANIZATIONNAME = mbs008;
				TargetAttributes = {
					845BC31F1F00A505001EF67B = {
						CreatedOnToolsVersion = 8.0;
						ProvisioningStyle = Automatic;
					};
				};
			};
			buildConfigurationList = 845BC31B1F00A505001EF67B /* Build configuration list for PBXProject "栈和队列" */;
			compatibilityVersion = "Xcode 3.2";
			developmentRegion = English;
			hasScannedForEncodings = 0;
			knownRegions = (
				en,
			);
			mainGroup = 845BC3171F00A505001EF67B;
			productRefGroup = 845BC3211F00A505001EF67B /* Products */;
			projectDirPath = "";
			projectRoot = "";
			targets = (
				845BC31F1F00A505001EF67B /* 栈和队列 */,
			);
		};
/* End PBXProject section */

/* Begin PBXSourcesBuildPhase section */
		845BC31C1F00A505001EF67B /* Sources */ = {
			isa = PBXSourcesBuildPhase;
			buildActionMask = 2147483647;
			files = (
				845BC32C1F00A5C3001EF67B /* StackAndQueue.c in Sources */,
				849FD94D1F0601A500C02096 /* Queue.c in Sources */,
				845BC3241F00A505001EF67B /* main.c in Sources */,
				845BC32F1F00D5EE001EF67B /* SqList.c in Sources */,
			);
			runOnlyForDeploymentPostprocessing = 0;
		};
/* End PBXSourcesBuildPhase section */

/* Begin XCBuildConfiguration section */
		845BC3251F00A505001EF67B /* Debug */ = {
			isa = XCBuildConfiguration;
			buildSettings = {
				ALWAYS_SEARCH_USER_PATHS = NO;
				CLANG_ANALYZER_NONNULL = YES;
				CLANG_CXX_LANGUAGE_STANDARD = "gnu++0x";
				CLANG_CXX_LIBRARY = "libc++";
				CLANG_ENABLE_MODULES = YES;
				CLANG_ENABLE_OBJC_ARC = YES;
				CLANG_WARN_BOOL_CONVERSION = YES;
				CLANG_WARN_CONSTANT_CONVERSION = YES;
				CLANG_WARN_DIRECT_OBJC_ISA_USAGE = YES_ERROR;
				CLANG_WARN_DOCUMENTATION_COMMENTS = YES;
				CLANG_WARN_EMPTY_BODY = YES;
				CLANG_WARN_ENUM_CONVERSION = YES;
				CLANG_WARN_INFINITE_RECURSION = YES;
				CLANG_WARN_INT_CONVERSION = YES;
				CLANG_WARN_OBJC_ROOT_CLASS = YES_ERROR;
				CLANG_WARN_SUSPICIOUS_MOVES = YES;
				CLANG_WARN_UNREACHABLE_CODE = YES;
				CLANG_WARN__DUPLICATE_METHOD_MATCH = YES;
				CODE_SIGN_IDENTITY = "-";
				COPY_PHASE_STRIP = NO;
				DEBUG_INFORMATION_FORMAT = dwarf;
				ENABLE_STRICT_OBJC_MSGSEND = YES;
				ENABLE_TESTABILITY = YES;
				GCC_C_LANGUAGE_STANDARD = gnu99;
				GCC_DYNAMIC_NO_PIC = NO;
				GCC_NO_COMMON_BLOCKS = YES;
				GCC_OPTIMIZATION_LEVEL = 0;
				GCC_PREPROCESSOR_DEFINITIONS = (
					"DEBUG=1",
					"$(inherited)",
				);
				GCC_WARN_64_TO_32_BIT_CONVERSION = YES;
				GCC_WARN_ABOUT_RETURN_TYPE = YES_ERROR;
				GCC_WARN_UNDECLARED_SELECTOR = YES;
				GCC_WARN_UNINITIALIZED_AUTOS = YES_AGGRESSIVE;
				GCC_WARN_UNUSED_FUNCTION = YES;
				GCC_WARN_UNUSED_VARIABLE = YES;
				MACOSX_DEPLOYMENT_TARGET = 10.11;
				MTL_ENABLE_DEBUG_INFO = YES;
				ONLY_ACTIVE_ARCH = YES;
				SDKROOT = macosx;
			};
			name = Debug;
		};
		845BC3261F00A505001EF67B /* Release */ = {
			isa = XCBuildConfiguration;
			buildSettings = {
				ALWAYS_SEARCH_USER_PATHS = NO;
				CLANG_ANALYZER_NONNULL = YES;
				CLANG_CXX_LANGUAGE_STANDARD = "gnu++0x";
				CLANG_CXX_LIBRARY = "libc++";
				CLANG_ENABLE_MODULES = YES;
				CLANG_ENABLE_OBJC_ARC = YES;
				CLANG_WARN_BOOL_CONVERSION = YES;
				CLANG_WARN_CONSTANT_CONVERSION = YES;
				CLANG_WARN_DIRECT_OBJC_ISA_USAGE = YES_ERROR;
				CLANG_WARN_DOCUMENTATION_COMMENTS = YES;
				CLANG_WARN_EMPTY_BODY = YES;
				CLANG_WARN_ENUM_CONVERSION = YES;
				CLANG_WARN_INFINITE_RECURSION = YES;
				CLANG_WARN_INT_CONVERSION = YES;
				CLANG_WARN_OBJC_ROOT_CLASS = YES_ERROR;
				CLANG_WARN_SUSPICIOUS_MOVES = YES;
				CLANG_WARN_UNREACHABLE_CODE = YES;
				CLANG_WARN__DUPLICATE_METHOD_MATCH = YES;
				CODE_SIGN_IDENTITY = "-";
				COPY_PHASE_STRIP = NO;
				DEBUG_INFORMATION_FORMAT = "dwarf-with-dsym";
				ENABLE_NS_ASSERTIONS = NO;
				ENABLE_STRICT_OBJC_MSGSEND = YES;
				GCC_C_LANGUAGE_STANDARD = gnu99;
				GCC_NO_COMMON_BLOCKS = YES;
				GCC_WARN_64_TO_32_BIT_CONVERSION = YES;
				GCC_WARN_ABOUT_RETURN_TYPE = YES_ERROR;
				GCC_WARN_UNDECLARED_SELECTOR = YES;
				GCC_WARN_UNINITIALIZED_AUTOS = YES_AGGRESSIVE;
				GCC_WARN_UNUSED_FUNCTION = YES;
				GCC_WARN_UNUSED_VARIABLE = YES;
				MACOSX_DEPLOYMENT_TARGET = 10.11;
				MTL_ENABLE_DEBUG_INFO = NO;
				SDKROOT = macosx;
			};
			name = Release;
		};
		845BC3281F00A505001EF67B /* Debug */ = {
			isa = XCBuildConfiguration;
			buildSettings = {
				PRODUCT_NAME = "$(TARGET_NAME)";
			};
			name = Debug;
		};
		845BC3291F00A505001EF67B /* Release */ = {
			isa = XCBuildConfiguration;
			buildSettings = {
				PRODUCT_NAME = "$(TARGET_NAME)";
			};
			name = Release;
		};
/* End XCBuildConfiguration section */

/* Begin XCConfigurationList section */
		845BC31B1F00A505001EF67B /* Build configuration list for PBXProject "栈和队列" */ = {
			isa = XCConfigurationList;
			buildConfigurations = (
				845BC3251F00A505001EF67B /* Debug */,
				845BC3261F00A505001EF67B /* Release */,
			);
			defaultConfigurationIsVisible = 0;
			defaultConfigurationName = Release;
		};
		845BC3271F00A505001EF67B /* Build configuration list for PBXNativeTarget "栈和队列" */ = {
			isa = XCConfigurationList;
			buildConfigurations = (
				845BC3281F00A505001EF67B /* Debug */,
				845BC3291F00A505001EF67B /* Release */,
			);
			defaultConfigurationIsVisible = 0;
			defaultConfigurationName = Release;
		};
/* End XCConfigurationList section */
	};
	rootObject = 845BC3181F00A505001EF67B /* Project object */;
}
